// !$*UTF8*$!
{
	archiveVersion = 1;
	classes = {
	};
	objectVersion = 52;
	objects = {

/* Begin PBXBuildFile section */
		CD41AB60244EF05500E1A5E0 /* MapView.swift in Sources */ = {isa = PBXBuildFile; fileRef = CD41AB5F244EF05500E1A5E0 /* MapView.swift */; };
		CD7660702448CA8800D825A3 /* AppDelegate.swift in Sources */ = {isa = PBXBuildFile; fileRef = CD76606F2448CA8800D825A3 /* AppDelegate.swift */; };
		CD7660722448CA8800D825A3 /* SceneDelegate.swift in Sources */ = {isa = PBXBuildFile; fileRef = CD7660712448CA8800D825A3 /* SceneDelegate.swift */; };
		CD7660762448CA8A00D825A3 /* Assets.xcassets in Resources */ = {isa = PBXBuildFile; fileRef = CD7660752448CA8A00D825A3 /* Assets.xcassets */; };
		CD7660792448CA8A00D825A3 /* Preview Assets.xcassets in Resources */ = {isa = PBXBuildFile; fileRef = CD7660782448CA8A00D825A3 /* Preview Assets.xcassets */; };
		CD76607C2448CA8A00D825A3 /* LaunchScreen.storyboard in Resources */ = {isa = PBXBuildFile; fileRef = CD76607A2448CA8A00D825A3 /* LaunchScreen.storyboard */; };
		CD7660B92448CBDD00D825A3 /* MapControl.swift in Sources */ = {isa = PBXBuildFile; fileRef = CD7660B22448CBDD00D825A3 /* MapControl.swift */; };
		CD7660BA2448CBDD00D825A3 /* Arrow.swift in Sources */ = {isa = PBXBuildFile; fileRef = CD7660B32448CBDD00D825A3 /* Arrow.swift */; };
		CD7660BB2448CBDD00D825A3 /* DoubleExtensions.swift in Sources */ = {isa = PBXBuildFile; fileRef = CD7660B52448CBDD00D825A3 /* DoubleExtensions.swift */; };
		CD7660BC2448CBDD00D825A3 /* Session.swift in Sources */ = {isa = PBXBuildFile; fileRef = CD7660B72448CBDD00D825A3 /* Session.swift */; };
		CD7660BD2448CBDD00D825A3 /* TelemetryRepository.swift in Sources */ = {isa = PBXBuildFile; fileRef = CD7660B82448CBDD00D825A3 /* TelemetryRepository.swift */; };
		CD7660C02448D1A600D825A3 /* MongoKitten in Frameworks */ = {isa = PBXBuildFile; productRef = CD7660BF2448D1A600D825A3 /* MongoKitten */; };
		CDAEDFC7244C7C820086EBD0 /* SessionMap.swift in Sources */ = {isa = PBXBuildFile; fileRef = CDAEDFC6244C7C820086EBD0 /* SessionMap.swift */; };
		CDAEDFC9244C7CC80086EBD0 /* SessionsDataSource.swift in Sources */ = {isa = PBXBuildFile; fileRef = CDAEDFC8244C7CC80086EBD0 /* SessionsDataSource.swift */; };
		CDAEDFCB244C7CF60086EBD0 /* AccelerationDataSource.swift in Sources */ = {isa = PBXBuildFile; fileRef = CDAEDFCA244C7CF60086EBD0 /* AccelerationDataSource.swift */; };
		CDAEDFCD244C7D7F0086EBD0 /* UIImageViewExtensions.swift in Sources */ = {isa = PBXBuildFile; fileRef = CDAEDFCC244C7D7F0086EBD0 /* UIImageViewExtensions.swift */; };
		CDAEDFCF244C80BE0086EBD0 /* BindingView.swift in Sources */ = {isa = PBXBuildFile; fileRef = CDAEDFCE244C80BE0086EBD0 /* BindingView.swift */; };
		CDCC5ACE244E2B6F00AECC66 /* TelemetryView.swift in Sources */ = {isa = PBXBuildFile; fileRef = CDCC5ACD244E2B6F00AECC66 /* TelemetryView.swift */; };
		CDCC5AD1244E381E00AECC66 /* RecordingTabView.swift in Sources */ = {isa = PBXBuildFile; fileRef = CDCC5AD0244E381E00AECC66 /* RecordingTabView.swift */; };
		CDD455F9244EE2DB0056A83D /* MapTabView.swift in Sources */ = {isa = PBXBuildFile; fileRef = CDD455F8244EE2DB0056A83D /* MapTabView.swift */; };
		CDE60555244ECA0C0000E3B4 /* ResolverRegistering.swift in Sources */ = {isa = PBXBuildFile; fileRef = CDE60554244ECA0C0000E3B4 /* ResolverRegistering.swift */; };
		CDE60558244ECABD0000E3B4 /* Resolver in Frameworks */ = {isa = PBXBuildFile; productRef = CDE60557244ECABD0000E3B4 /* Resolver */; };
/* End PBXBuildFile section */

/* Begin PBXFileReference section */
		CD41AB5F244EF05500E1A5E0 /* MapView.swift */ = {isa = PBXFileReference; lastKnownFileType = sourcecode.swift; path = MapView.swift; sourceTree = "<group>"; };
		CD76606C2448CA8800D825A3 /* Telemetry.app */ = {isa = PBXFileReference; explicitFileType = wrapper.application; includeInIndex = 0; path = Telemetry.app; sourceTree = BUILT_PRODUCTS_DIR; };
		CD76606F2448CA8800D825A3 /* AppDelegate.swift */ = {isa = PBXFileReference; lastKnownFileType = sourcecode.swift; path = AppDelegate.swift; sourceTree = "<group>"; };
		CD7660712448CA8800D825A3 /* SceneDelegate.swift */ = {isa = PBXFileReference; lastKnownFileType = sourcecode.swift; path = SceneDelegate.swift; sourceTree = "<group>"; };
		CD7660752448CA8A00D825A3 /* Assets.xcassets */ = {isa = PBXFileReference; lastKnownFileType = folder.assetcatalog; path = Assets.xcassets; sourceTree = "<group>"; };
		CD7660782448CA8A00D825A3 /* Preview Assets.xcassets */ = {isa = PBXFileReference; lastKnownFileType = folder.assetcatalog; path = "Preview Assets.xcassets"; sourceTree = "<group>"; };
		CD76607B2448CA8A00D825A3 /* Base */ = {isa = PBXFileReference; lastKnownFileType = file.storyboard; name = Base; path = Base.lproj/LaunchScreen.storyboard; sourceTree = "<group>"; };
		CD76607D2448CA8A00D825A3 /* Info.plist */ = {isa = PBXFileReference; lastKnownFileType = text.plist.xml; path = Info.plist; sourceTree = "<group>"; };
		CD7660B22448CBDD00D825A3 /* MapControl.swift */ = {isa = PBXFileReference; fileEncoding = 4; lastKnownFileType = sourcecode.swift; path = MapControl.swift; sourceTree = "<group>"; };
		CD7660B32448CBDD00D825A3 /* Arrow.swift */ = {isa = PBXFileReference; fileEncoding = 4; lastKnownFileType = sourcecode.swift; path = Arrow.swift; sourceTree = "<group>"; };
		CD7660B52448CBDD00D825A3 /* DoubleExtensions.swift */ = {isa = PBXFileReference; fileEncoding = 4; lastKnownFileType = sourcecode.swift; path = DoubleExtensions.swift; sourceTree = "<group>"; };
		CD7660B72448CBDD00D825A3 /* Session.swift */ = {isa = PBXFileReference; fileEncoding = 4; lastKnownFileType = sourcecode.swift; path = Session.swift; sourceTree = "<group>"; };
		CD7660B82448CBDD00D825A3 /* TelemetryRepository.swift */ = {isa = PBXFileReference; fileEncoding = 4; lastKnownFileType = sourcecode.swift; path = TelemetryRepository.swift; sourceTree = "<group>"; };
		CDAEDFC6244C7C820086EBD0 /* SessionMap.swift */ = {isa = PBXFileReference; lastKnownFileType = sourcecode.swift; path = SessionMap.swift; sourceTree = "<group>"; };
		CDAEDFC8244C7CC80086EBD0 /* SessionsDataSource.swift */ = {isa = PBXFileReference; lastKnownFileType = sourcecode.swift; path = SessionsDataSource.swift; sourceTree = "<group>"; };
		CDAEDFCA244C7CF60086EBD0 /* AccelerationDataSource.swift */ = {isa = PBXFileReference; lastKnownFileType = sourcecode.swift; path = AccelerationDataSource.swift; sourceTree = "<group>"; };
		CDAEDFCC244C7D7F0086EBD0 /* UIImageViewExtensions.swift */ = {isa = PBXFileReference; lastKnownFileType = sourcecode.swift; path = UIImageViewExtensions.swift; sourceTree = "<group>"; };
		CDAEDFCE244C80BE0086EBD0 /* BindingView.swift */ = {isa = PBXFileReference; lastKnownFileType = sourcecode.swift; path = BindingView.swift; sourceTree = "<group>"; };
		CDCC5ACD244E2B6F00AECC66 /* TelemetryView.swift */ = {isa = PBXFileReference; lastKnownFileType = sourcecode.swift; path = TelemetryView.swift; sourceTree = "<group>"; };
		CDCC5AD0244E381E00AECC66 /* RecordingTabView.swift */ = {isa = PBXFileReference; lastKnownFileType = sourcecode.swift; path = RecordingTabView.swift; sourceTree = "<group>"; };
		CDD455F8244EE2DB0056A83D /* MapTabView.swift */ = {isa = PBXFileReference; lastKnownFileType = sourcecode.swift; path = MapTabView.swift; sourceTree = "<group>"; };
		CDE60554244ECA0C0000E3B4 /* ResolverRegistering.swift */ = {isa = PBXFileReference; lastKnownFileType = sourcecode.swift; path = ResolverRegistering.swift; sourceTree = "<group>"; };
/* End PBXFileReference section */

/* Begin PBXFrameworksBuildPhase section */
		CD7660692448CA8800D825A3 /* Frameworks */ = {
			isa = PBXFrameworksBuildPhase;
			buildActionMask = 2147483647;
			files = (
				CDE60558244ECABD0000E3B4 /* Resolver in Frameworks */,
				CD7660C02448D1A600D825A3 /* MongoKitten in Frameworks */,
			);
			runOnlyForDeploymentPostprocessing = 0;
		};
/* End PBXFrameworksBuildPhase section */

/* Begin PBXGroup section */
		CD7660632448CA8800D825A3 = {
			isa = PBXGroup;
			children = (
				CDE60553244EC9F50000E3B4 /* DI */,
				CD7660B12448CBDD00D825A3 /* Controls */,
				CD7660B42448CBDD00D825A3 /* Extensions */,
				CD7660B62448CBDD00D825A3 /* Services */,
				CD76606E2448CA8800D825A3 /* Telemetry */,
				CD76606D2448CA8800D825A3 /* Products */,
			);
			sourceTree = "<group>";
		};
		CD76606D2448CA8800D825A3 /* Products */ = {
			isa = PBXGroup;
			children = (
				CD76606C2448CA8800D825A3 /* Telemetry.app */,
			);
			name = Products;
			sourceTree = "<group>";
		};
		CD76606E2448CA8800D825A3 /* Telemetry */ = {
			isa = PBXGroup;
			children = (
				CDCC5ACF244E37E200AECC66 /* Views */,
				CD76606F2448CA8800D825A3 /* AppDelegate.swift */,
				CD7660712448CA8800D825A3 /* SceneDelegate.swift */,
				CD7660752448CA8A00D825A3 /* Assets.xcassets */,
				CD76607A2448CA8A00D825A3 /* LaunchScreen.storyboard */,
				CD76607D2448CA8A00D825A3 /* Info.plist */,
				CD7660772448CA8A00D825A3 /* Preview Content */,
			);
			path = Telemetry;
			sourceTree = "<group>";
		};
		CD7660772448CA8A00D825A3 /* Preview Content */ = {
			isa = PBXGroup;
			children = (
				CD7660782448CA8A00D825A3 /* Preview Assets.xcassets */,
			);
			path = "Preview Content";
			sourceTree = "<group>";
		};
		CD7660B12448CBDD00D825A3 /* Controls */ = {
			isa = PBXGroup;
			children = (
				CD7660B22448CBDD00D825A3 /* MapControl.swift */,
				CD7660B32448CBDD00D825A3 /* Arrow.swift */,
				CDAEDFC6244C7C820086EBD0 /* SessionMap.swift */,
			);
			path = Controls;
			sourceTree = "<group>";
		};
		CD7660B42448CBDD00D825A3 /* Extensions */ = {
			isa = PBXGroup;
			children = (
				CD7660B52448CBDD00D825A3 /* DoubleExtensions.swift */,
				CDAEDFCC244C7D7F0086EBD0 /* UIImageViewExtensions.swift */,
			);
			path = Extensions;
			sourceTree = "<group>";
		};
		CD7660B62448CBDD00D825A3 /* Services */ = {
			isa = PBXGroup;
			children = (
				CD7660B72448CBDD00D825A3 /* Session.swift */,
				CD7660B82448CBDD00D825A3 /* TelemetryRepository.swift */,
				CDAEDFC8244C7CC80086EBD0 /* SessionsDataSource.swift */,
				CDAEDFCA244C7CF60086EBD0 /* AccelerationDataSource.swift */,
			);
			path = Services;
			sourceTree = "<group>";
		};
		CDCC5ACF244E37E200AECC66 /* Views */ = {
			isa = PBXGroup;
			children = (
				CDAEDFCE244C80BE0086EBD0 /* BindingView.swift */,
				CDCC5ACD244E2B6F00AECC66 /* TelemetryView.swift */,
				CDCC5AD0244E381E00AECC66 /* RecordingTabView.swift */,
				CDD455F8244EE2DB0056A83D /* MapTabView.swift */,
				CD41AB5F244EF05500E1A5E0 /* MapView.swift */,
			);
			path = Views;
			sourceTree = "<group>";
		};
		CDE60553244EC9F50000E3B4 /* DI */ = {
			isa = PBXGroup;
			children = (
				CDE60554244ECA0C0000E3B4 /* ResolverRegistering.swift */,
			);
			path = DI;
			sourceTree = "<group>";
		};
/* End PBXGroup section */

/* Begin PBXNativeTarget section */
		CD76606B2448CA8800D825A3 /* Telemetry */ = {
			isa = PBXNativeTarget;
			buildConfigurationList = CD7660802448CA8A00D825A3 /* Build configuration list for PBXNativeTarget "Telemetry" */;
			buildPhases = (
				CD7660682448CA8800D825A3 /* Sources */,
				CD7660692448CA8800D825A3 /* Frameworks */,
				CD76606A2448CA8800D825A3 /* Resources */,
			);
			buildRules = (
			);
			dependencies = (
			);
			name = Telemetry;
			packageProductDependencies = (
				CD7660BF2448D1A600D825A3 /* MongoKitten */,
				CDE60557244ECABD0000E3B4 /* Resolver */,
			);
			productName = Telemetry;
			productReference = CD76606C2448CA8800D825A3 /* Telemetry.app */;
			productType = "com.apple.product-type.application";
		};
/* End PBXNativeTarget section */

/* Begin PBXProject section */
		CD7660642448CA8800D825A3 /* Project object */ = {
			isa = PBXProject;
			attributes = {
				LastSwiftUpdateCheck = 1140;
				LastUpgradeCheck = 1140;
				ORGANIZATIONNAME = feelsgood;
				TargetAttributes = {
					CD76606B2448CA8800D825A3 = {
						CreatedOnToolsVersion = 11.4;
					};
				};
			};
			buildConfigurationList = CD7660672448CA8800D825A3 /* Build configuration list for PBXProject "Telemetry" */;
			compatibilityVersion = "Xcode 9.3";
			developmentRegion = en;
			hasScannedForEncodings = 0;
			knownRegions = (
				en,
				Base,
			);
			mainGroup = CD7660632448CA8800D825A3;
			packageReferences = (
				CD7660BE2448D1A600D825A3 /* XCRemoteSwiftPackageReference "MongoKitten" */,
				CDE60556244ECABD0000E3B4 /* XCRemoteSwiftPackageReference "Resolver" */,
			);
			productRefGroup = CD76606D2448CA8800D825A3 /* Products */;
			projectDirPath = "";
			projectRoot = "";
			targets = (
				CD76606B2448CA8800D825A3 /* Telemetry */,
			);
		};
/* End PBXProject section */

/* Begin PBXResourcesBuildPhase section */
		CD76606A2448CA8800D825A3 /* Resources */ = {
			isa = PBXResourcesBuildPhase;
			buildActionMask = 2147483647;
			files = (
				CD76607C2448CA8A00D825A3 /* LaunchScreen.storyboard in Resources */,
				CD7660792448CA8A00D825A3 /* Preview Assets.xcassets in Resources */,
				CD7660762448CA8A00D825A3 /* Assets.xcassets in Resources */,
			);
			runOnlyForDeploymentPostprocessing = 0;
		};
/* End PBXResourcesBuildPhase section */

/* Begin PBXSourcesBuildPhase section */
		CD7660682448CA8800D825A3 /* Sources */ = {
			isa = PBXSourcesBuildPhase;
			buildActionMask = 2147483647;
			files = (
				CDD455F9244EE2DB0056A83D /* MapTabView.swift in Sources */,
				CD7660BC2448CBDD00D825A3 /* Session.swift in Sources */,
				CDAEDFC9244C7CC80086EBD0 /* SessionsDataSource.swift in Sources */,
				CD7660702448CA8800D825A3 /* AppDelegate.swift in Sources */,
				CD7660722448CA8800D825A3 /* SceneDelegate.swift in Sources */,
				CDE60555244ECA0C0000E3B4 /* ResolverRegistering.swift in Sources */,
				CDCC5AD1244E381E00AECC66 /* RecordingTabView.swift in Sources */,
				CDAEDFCD244C7D7F0086EBD0 /* UIImageViewExtensions.swift in Sources */,
				CD7660B92448CBDD00D825A3 /* MapControl.swift in Sources */,
				CD41AB60244EF05500E1A5E0 /* MapView.swift in Sources */,
				CDAEDFC7244C7C820086EBD0 /* SessionMap.swift in Sources */,
				CD7660BA2448CBDD00D825A3 /* Arrow.swift in Sources */,
				CDAEDFCF244C80BE0086EBD0 /* BindingView.swift in Sources */,
				CDAEDFCB244C7CF60086EBD0 /* AccelerationDataSource.swift in Sources */,
				CD7660BB2448CBDD00D825A3 /* DoubleExtensions.swift in Sources */,
				CD7660BD2448CBDD00D825A3 /* TelemetryRepository.swift in Sources */,
				CDCC5ACE244E2B6F00AECC66 /* TelemetryView.swift in Sources */,
			);
			runOnlyForDeploymentPostprocessing = 0;
		};
/* End PBXSourcesBuildPhase section */

/* Begin PBXVariantGroup section */
		CD76607A2448CA8A00D825A3 /* LaunchScreen.storyboard */ = {
			isa = PBXVariantGroup;
			children = (
				CD76607B2448CA8A00D825A3 /* Base */,
			);
			name = LaunchScreen.storyboard;
			sourceTree = "<group>";
		};
/* End PBXVariantGroup section */

/* Begin XCBuildConfiguration section */
		CD76607E2448CA8A00D825A3 /* Debug */ = {
			isa = XCBuildConfiguration;
			buildSettings = {
				ALWAYS_SEARCH_USER_PATHS = NO;
				CLANG_ANALYZER_NONNULL = YES;
				CLANG_ANALYZER_NUMBER_OBJECT_CONVERSION = YES_AGGRESSIVE;
				CLANG_CXX_LANGUAGE_STANDARD = "gnu++14";
				CLANG_CXX_LIBRARY = "libc++";
				CLANG_ENABLE_MODULES = YES;
				CLANG_ENABLE_OBJC_ARC = YES;
				CLANG_ENABLE_OBJC_WEAK = YES;
				CLANG_WARN_BLOCK_CAPTURE_AUTORELEASING = YES;
				CLANG_WARN_BOOL_CONVERSION = YES;
				CLANG_WARN_COMMA = YES;
				CLANG_WARN_CONSTANT_CONVERSION = YES;
				CLANG_WARN_DEPRECATED_OBJC_IMPLEMENTATIONS = YES;
				CLANG_WARN_DIRECT_OBJC_ISA_USAGE = YES_ERROR;
				CLANG_WARN_DOCUMENTATION_COMMENTS = YES;
				CLANG_WARN_EMPTY_BODY = YES;
				CLANG_WARN_ENUM_CONVERSION = YES;
				CLANG_WARN_INFINITE_RECURSION = YES;
				CLANG_WARN_INT_CONVERSION = YES;
				CLANG_WARN_NON_LITERAL_NULL_CONVERSION = YES;
				CLANG_WARN_OBJC_IMPLICIT_RETAIN_SELF = YES;
				CLANG_WARN_OBJC_LITERAL_CONVERSION = YES;
				CLANG_WARN_OBJC_ROOT_CLASS = YES_ERROR;
				CLANG_WARN_RANGE_LOOP_ANALYSIS = YES;
				CLANG_WARN_STRICT_PROTOTYPES = YES;
				CLANG_WARN_SUSPICIOUS_MOVE = YES;
				CLANG_WARN_UNGUARDED_AVAILABILITY = YES_AGGRESSIVE;
				CLANG_WARN_UNREACHABLE_CODE = YES;
				CLANG_WARN__DUPLICATE_METHOD_MATCH = YES;
				COPY_PHASE_STRIP = NO;
				DEBUG_INFORMATION_FORMAT = dwarf;
				ENABLE_STRICT_OBJC_MSGSEND = YES;
				ENABLE_TESTABILITY = YES;
				GCC_C_LANGUAGE_STANDARD = gnu11;
				GCC_DYNAMIC_NO_PIC = NO;
				GCC_NO_COMMON_BLOCKS = YES;
				GCC_OPTIMIZATION_LEVEL = 0;
				GCC_PREPROCESSOR_DEFINITIONS = (
					"DEBUG=1",
					"$(inherited)",
				);
				GCC_WARN_64_TO_32_BIT_CONVERSION = YES;
				GCC_WARN_ABOUT_RETURN_TYPE = YES_ERROR;
				GCC_WARN_UNDECLARED_SELECTOR = YES;
				GCC_WARN_UNINITIALIZED_AUTOS = YES_AGGRESSIVE;
				GCC_WARN_UNUSED_FUNCTION = YES;
				GCC_WARN_UNUSED_VARIABLE = YES;
				IPHONEOS_DEPLOYMENT_TARGET = 13.4;
				MTL_ENABLE_DEBUG_INFO = INCLUDE_SOURCE;
				MTL_FAST_MATH = YES;
				ONLY_ACTIVE_ARCH = YES;
				SDKROOT = iphoneos;
				SWIFT_ACTIVE_COMPILATION_CONDITIONS = DEBUG;
				SWIFT_OPTIMIZATION_LEVEL = "-Onone";
			};
			name = Debug;
		};
		CD76607F2448CA8A00D825A3 /* Release */ = {
			isa = XCBuildConfiguration;
			buildSettings = {
				ALWAYS_SEARCH_USER_PATHS = NO;
				CLANG_ANALYZER_NONNULL = YES;
				CLANG_ANALYZER_NUMBER_OBJECT_CONVERSION = YES_AGGRESSIVE;
				CLANG_CXX_LANGUAGE_STANDARD = "gnu++14";
				CLANG_CXX_LIBRARY = "libc++";
				CLANG_ENABLE_MODULES = YES;
				CLANG_ENABLE_OBJC_ARC = YES;
				CLANG_ENABLE_OBJC_WEAK = YES;
				CLANG_WARN_BLOCK_CAPTURE_AUTORELEASING = YES;
				CLANG_WARN_BOOL_CONVERSION = YES;
				CLANG_WARN_COMMA = YES;
				CLANG_WARN_CONSTANT_CONVERSION = YES;
				CLANG_WARN_DEPRECATED_OBJC_IMPLEMENTATIONS = YES;
				CLANG_WARN_DIRECT_OBJC_ISA_USAGE = YES_ERROR;
				CLANG_WARN_DOCUMENTATION_COMMENTS = YES;
				CLANG_WARN_EMPTY_BODY = YES;
				CLANG_WARN_ENUM_CONVERSION = YES;
				CLANG_WARN_INFINITE_RECURSION = YES;
				CLANG_WARN_INT_CONVERSION = YES;
				CLANG_WARN_NON_LITERAL_NULL_CONVERSION = YES;
				CLANG_WARN_OBJC_IMPLICIT_RETAIN_SELF = YES;
				CLANG_WARN_OBJC_LITERAL_CONVERSION = YES;
				CLANG_WARN_OBJC_ROOT_CLASS = YES_ERROR;
				CLANG_WARN_RANGE_LOOP_ANALYSIS = YES;
				CLANG_WARN_STRICT_PROTOTYPES = YES;
				CLANG_WARN_SUSPICIOUS_MOVE = YES;
				CLANG_WARN_UNGUARDED_AVAILABILITY = YES_AGGRESSIVE;
				CLANG_WARN_UNREACHABLE_CODE = YES;
				CLANG_WARN__DUPLICATE_METHOD_MATCH = YES;
				COPY_PHASE_STRIP = NO;
				DEBUG_INFORMATION_FORMAT = "dwarf-with-dsym";
				ENABLE_NS_ASSERTIONS = NO;
				ENABLE_STRICT_OBJC_MSGSEND = YES;
				GCC_C_LANGUAGE_STANDARD = gnu11;
				GCC_NO_COMMON_BLOCKS = YES;
				GCC_WARN_64_TO_32_BIT_CONVERSION = YES;
				GCC_WARN_ABOUT_RETURN_TYPE = YES_ERROR;
				GCC_WARN_UNDECLARED_SELECTOR = YES;
				GCC_WARN_UNINITIALIZED_AUTOS = YES_AGGRESSIVE;
				GCC_WARN_UNUSED_FUNCTION = YES;
				GCC_WARN_UNUSED_VARIABLE = YES;
				IPHONEOS_DEPLOYMENT_TARGET = 13.4;
				MTL_ENABLE_DEBUG_INFO = NO;
				MTL_FAST_MATH = YES;
				SDKROOT = iphoneos;
				SWIFT_COMPILATION_MODE = wholemodule;
				SWIFT_OPTIMIZATION_LEVEL = "-O";
				VALIDATE_PRODUCT = YES;
			};
			name = Release;
		};
		CD7660812448CA8A00D825A3 /* Debug */ = {
			isa = XCBuildConfiguration;
			buildSettings = {
				ASSETCATALOG_COMPILER_APPICON_NAME = AppIcon;
				CODE_SIGN_STYLE = Automatic;
				DEVELOPMENT_ASSET_PATHS = "\"Telemetry/Preview Content\"";
				DEVELOPMENT_TEAM = QTB32FJ7E6;
				ENABLE_PREVIEWS = YES;
				INFOPLIST_FILE = Telemetry/Info.plist;
				IPHONEOS_DEPLOYMENT_TARGET = 13.1;
				LD_RUNPATH_SEARCH_PATHS = (
					"$(inherited)",
					"@executable_path/Frameworks",
				);
				PRODUCT_BUNDLE_IDENTIFIER = feelsgood.Telemetry;
				PRODUCT_NAME = "$(TARGET_NAME)";
				SWIFT_VERSION = 5.0;
				TARGETED_DEVICE_FAMILY = "1,2";
			};
			name = Debug;
		};
		CD7660822448CA8A00D825A3 /* Release */ = {
			isa = XCBuildConfiguration;
			buildSettings = {
				ASSETCATALOG_COMPILER_APPICON_NAME = AppIcon;
				CODE_SIGN_STYLE = Automatic;
				DEVELOPMENT_ASSET_PATHS = "\"Telemetry/Preview Content\"";
				DEVELOPMENT_TEAM = QTB32FJ7E6;
				ENABLE_PREVIEWS = YES;
				INFOPLIST_FILE = Telemetry/Info.plist;
				IPHONEOS_DEPLOYMENT_TARGET = 13.1;
				LD_RUNPATH_SEARCH_PATHS = (
					"$(inherited)",
					"@executable_path/Frameworks",
				);
				PRODUCT_BUNDLE_IDENTIFIER = feelsgood.Telemetry;
				PRODUCT_NAME = "$(TARGET_NAME)";
				SWIFT_VERSION = 5.0;
				TARGETED_DEVICE_FAMILY = "1,2";
			};
			name = Release;
		};
/* End XCBuildConfiguration section */

/* Begin XCConfigurationList section */
		CD7660672448CA8800D825A3 /* Build configuration list for PBXProject "Telemetry" */ = {
			isa = XCConfigurationList;
			buildConfigurations = (
				CD76607E2448CA8A00D825A3 /* Debug */,
				CD76607F2448CA8A00D825A3 /* Release */,
			);
			defaultConfigurationIsVisible = 0;
			defaultConfigurationName = Release;
		};
		CD7660802448CA8A00D825A3 /* Build configuration list for PBXNativeTarget "Telemetry" */ = {
			isa = XCConfigurationList;
			buildConfigurations = (
				CD7660812448CA8A00D825A3 /* Debug */,
				CD7660822448CA8A00D825A3 /* Release */,
			);
			defaultConfigurationIsVisible = 0;
			defaultConfigurationName = Release;
		};
/* End XCConfigurationList section */

/* Begin XCRemoteSwiftPackageReference section */
		CD7660BE2448D1A600D825A3 /* XCRemoteSwiftPackageReference "MongoKitten" */ = {
			isa = XCRemoteSwiftPackageReference;
			repositoryURL = "https://github.com/OpenKitten/MongoKitten";
			requirement = {
				kind = upToNextMajorVersion;
				minimumVersion = 6.2.3;
			};
		};
		CDE60556244ECABD0000E3B4 /* XCRemoteSwiftPackageReference "Resolver" */ = {
			isa = XCRemoteSwiftPackageReference;
			repositoryURL = "https://github.com/hmlongco/Resolver.git";
			requirement = {
				kind = upToNextMajorVersion;
				minimumVersion = 1.1.2;
			};
		};
/* End XCRemoteSwiftPackageReference section */

/* Begin XCSwiftPackageProductDependency section */
		CD7660BF2448D1A600D825A3 /* MongoKitten */ = {
			isa = XCSwiftPackageProductDependency;
			package = CD7660BE2448D1A600D825A3 /* XCRemoteSwiftPackageReference "MongoKitten" */;
			productName = MongoKitten;
		};
		CDE60557244ECABD0000E3B4 /* Resolver */ = {
			isa = XCSwiftPackageProductDependency;
			package = CDE60556244ECABD0000E3B4 /* XCRemoteSwiftPackageReference "Resolver" */;
			productName = Resolver;
		};
/* End XCSwiftPackageProductDependency section */
	};
	rootObject = CD7660642448CA8800D825A3 /* Project object */;
}
